
Microsoft Visual Studio Solution File, Format Version 12.00
# Visual Studio 15
VisualStudioVersion = 15.0.27004.2005
MinimumVisualStudioVersion = 10.0.40219.1
Project("{9A19103F-16F7-4668-BE54-9A1E7A4F7556}") = "01_Demo", "01_Demo\01_Demo.csproj", "{658C6CB0-9EF7-49D9-94A4-8DB8E8BE0C9E}"
EndProject
Project("{9A19103F-16F7-4668-BE54-9A1E7A4F7556}") = "99_Sortings", "99_Sortings\99_Sortings.csproj", "{A9C50C0A-4CE5-4309-812D-BAF29493B911}"
EndProject
Project("{FAE04EC0-301F-11D3-BF4B-00C04F79EFBC}") = "102_UndocumentedKeywords", "102_UndocumentedKeywords\102_UndocumentedKeywords.csproj", "{B1A54896-B005-4AC3-B899-FE99835D4C08}"
EndProject
Project("{FAE04EC0-301F-11D3-BF4B-00C04F79EFBC}") = "03_FunctionalErrorHandling", "03_FunctionalErrorHandling\03_FunctionalErrorHandling.csproj", "{0CA36A4A-7B99-42C7-9217-E6FEFB21E662}"
EndProject
Project("{9A19103F-16F7-4668-BE54-9A1E7A4F7556}") = "02_Demo_Interfaces", "02_Demo_Interfaces\02_Demo_Interfaces.csproj", "{75F0DE2D-1C2C-4D02-A2B9-2B10E8764E62}"
EndProject
Project("{FAE04EC0-301F-11D3-BF4B-00C04F79EFBC}") = "04_ApiConcurrencyTest", "04_ApiConcurrencyTest\04_ApiConcurrencyTest.csproj", "{5757ED66-A4D6-406A-841E-55B6BFDD43FC}"
EndProject
Project("{9A19103F-16F7-4668-BE54-9A1E7A4F7556}") = "05_ApiConcurrencyTestCore", "05_ApiConcurrencyTestCore\05_ApiConcurrencyTestCore.csproj", "{AD9C6C1A-037D-4042-A6C9-87AA246256E7}"
EndProject
Project("{9A19103F-16F7-4668-BE54-9A1E7A4F7556}") = "06_TPLPlayground", "06_TPLPlayground\06_TPLPlayground.csproj", "{2B5DE29F-A10C-4C6B-AA29-B6962385E0CD}"
EndProject
Project("{9A19103F-16F7-4668-BE54-9A1E7A4F7556}") = "07_ThreadPool", "07_ThreadPool\07_ThreadPool.csproj", "{CF2C7FB5-F7E5-4B39-AA75-A11A8DFC0B2F}"
EndProject
Project("{9A19103F-16F7-4668-BE54-9A1E7A4F7556}") = "08_DictionaryTryGetContains", "08_DictionaryTryGetContains\08_DictionaryTryGetContains.csproj", "{EB4983D1-3C99-4E14-9316-6D47C787B522}"
EndProject
Project("{9A19103F-16F7-4668-BE54-9A1E7A4F7556}") = "09_ThreadPoolAspCore", "09_ThreadPoolAspCore\09_ThreadPoolAspCore.csproj", "{8D57D210-1FB7-42CA-802C-8149310CAB8E}"
EndProject
Project("{FAE04EC0-301F-11D3-BF4B-00C04F79EFBC}") = "10_Threads", "10_Threads\10_Threads.csproj", "{7259D6DB-6119-4F52-9F5D-573DEAC29295}"
EndProject
Project("{9A19103F-16F7-4668-BE54-9A1E7A4F7556}") = "11_Singleton", "11_Singleton\11_Singleton.csproj", "{71940A7C-652E-49A6-8E96-40189CCD72E9}"
EndProject
Project("{9A19103F-16F7-4668-BE54-9A1E7A4F7556}") = "12_LosingHttpContextConfigureAwait", "12_LosingHttpContextConfigureAwait\12_LosingHttpContextConfigureAwait.csproj", "{A5A13682-3459-43A5-A7EF-3D0F8143BBF6}"
EndProject
Project("{FAE04EC0-301F-11D3-BF4B-00C04F79EFBC}") = "13_LosingHttpContextConfigureAwaitVanilla", "13_LosingHttpContextConfigureAwaitVanilla\13_LosingHttpContextConfigureAwaitVanilla.csproj", "{983778F9-6614-4096-A3A0-9579E5D6B18C}"
EndProject
Project("{FAE04EC0-301F-11D3-BF4B-00C04F79EFBC}") = "98_GraphsWorkout", "98_GraphsWorkout\98_GraphsWorkout.csproj", "{15CA9F87-0282-418D-81B9-3E1A9C9DEED7}"
EndProject
Global
	GlobalSection(SolutionConfigurationPlatforms) = preSolution
		Debug|Any CPU = Debug|Any CPU
		Release|Any CPU = Release|Any CPU
	EndGlobalSection
	GlobalSection(ProjectConfigurationPlatforms) = postSolution
		{658C6CB0-9EF7-49D9-94A4-8DB8E8BE0C9E}.Debug|Any CPU.ActiveCfg = Debug|Any CPU
		{658C6CB0-9EF7-49D9-94A4-8DB8E8BE0C9E}.Debug|Any CPU.Build.0 = Debug|Any CPU
		{658C6CB0-9EF7-49D9-94A4-8DB8E8BE0C9E}.Release|Any CPU.ActiveCfg = Release|Any CPU
		{658C6CB0-9EF7-49D9-94A4-8DB8E8BE0C9E}.Release|Any CPU.Build.0 = Release|Any CPU
		{A9C50C0A-4CE5-4309-812D-BAF29493B911}.Debug|Any CPU.ActiveCfg = Debug|Any CPU
		{A9C50C0A-4CE5-4309-812D-BAF29493B911}.Debug|Any CPU.Build.0 = Debug|Any CPU
		{A9C50C0A-4CE5-4309-812D-BAF29493B911}.Release|Any CPU.ActiveCfg = Release|Any CPU
		{A9C50C0A-4CE5-4309-812D-BAF29493B911}.Release|Any CPU.Build.0 = Release|Any CPU
		{B1A54896-B005-4AC3-B899-FE99835D4C08}.Debug|Any CPU.ActiveCfg = Debug|Any CPU
		{B1A54896-B005-4AC3-B899-FE99835D4C08}.Debug|Any CPU.Build.0 = Debug|Any CPU
		{B1A54896-B005-4AC3-B899-FE99835D4C08}.Release|Any CPU.ActiveCfg = Release|Any CPU
		{B1A54896-B005-4AC3-B899-FE99835D4C08}.Release|Any CPU.Build.0 = Release|Any CPU
		{0CA36A4A-7B99-42C7-9217-E6FEFB21E662}.Debug|Any CPU.ActiveCfg = Debug|Any CPU
		{0CA36A4A-7B99-42C7-9217-E6FEFB21E662}.Debug|Any CPU.Build.0 = Debug|Any CPU
		{0CA36A4A-7B99-42C7-9217-E6FEFB21E662}.Release|Any CPU.ActiveCfg = Release|Any CPU
		{0CA36A4A-7B99-42C7-9217-E6FEFB21E662}.Release|Any CPU.Build.0 = Release|Any CPU
		{75F0DE2D-1C2C-4D02-A2B9-2B10E8764E62}.Debug|Any CPU.ActiveCfg = Debug|Any CPU
		{75F0DE2D-1C2C-4D02-A2B9-2B10E8764E62}.Debug|Any CPU.Build.0 = Debug|Any CPU
		{75F0DE2D-1C2C-4D02-A2B9-2B10E8764E62}.Release|Any CPU.ActiveCfg = Release|Any CPU
		{75F0DE2D-1C2C-4D02-A2B9-2B10E8764E62}.Release|Any CPU.Build.0 = Release|Any CPU
		{5757ED66-A4D6-406A-841E-55B6BFDD43FC}.Debug|Any CPU.ActiveCfg = Debug|Any CPU
		{5757ED66-A4D6-406A-841E-55B6BFDD43FC}.Debug|Any CPU.Build.0 = Debug|Any CPU
		{5757ED66-A4D6-406A-841E-55B6BFDD43FC}.Release|Any CPU.ActiveCfg = Release|Any CPU
		{5757ED66-A4D6-406A-841E-55B6BFDD43FC}.Release|Any CPU.Build.0 = Release|Any CPU
		{AD9C6C1A-037D-4042-A6C9-87AA246256E7}.Debug|Any CPU.ActiveCfg = Debug|Any CPU
		{AD9C6C1A-037D-4042-A6C9-87AA246256E7}.Debug|Any CPU.Build.0 = Debug|Any CPU
		{AD9C6C1A-037D-4042-A6C9-87AA246256E7}.Release|Any CPU.ActiveCfg = Release|Any CPU
		{AD9C6C1A-037D-4042-A6C9-87AA246256E7}.Release|Any CPU.Build.0 = Release|Any CPU
		{2B5DE29F-A10C-4C6B-AA29-B6962385E0CD}.Debug|Any CPU.ActiveCfg = Debug|Any CPU
		{2B5DE29F-A10C-4C6B-AA29-B6962385E0CD}.Debug|Any CPU.Build.0 = Debug|Any CPU
		{2B5DE29F-A10C-4C6B-AA29-B6962385E0CD}.Release|Any CPU.ActiveCfg = Release|Any CPU
		{2B5DE29F-A10C-4C6B-AA29-B6962385E0CD}.Release|Any CPU.Build.0 = Release|Any CPU
		{CF2C7FB5-F7E5-4B39-AA75-A11A8DFC0B2F}.Debug|Any CPU.ActiveCfg = Debug|Any CPU
		{CF2C7FB5-F7E5-4B39-AA75-A11A8DFC0B2F}.Debug|Any CPU.Build.0 = Debug|Any CPU
		{CF2C7FB5-F7E5-4B39-AA75-A11A8DFC0B2F}.Release|Any CPU.ActiveCfg = Release|Any CPU
		{CF2C7FB5-F7E5-4B39-AA75-A11A8DFC0B2F}.Release|Any CPU.Build.0 = Release|Any CPU
		{EB4983D1-3C99-4E14-9316-6D47C787B522}.Debug|Any CPU.ActiveCfg = Debug|Any CPU
		{EB4983D1-3C99-4E14-9316-6D47C787B522}.Debug|Any CPU.Build.0 = Debug|Any CPU
		{EB4983D1-3C99-4E14-9316-6D47C787B522}.Release|Any CPU.ActiveCfg = Release|Any CPU
		{EB4983D1-3C99-4E14-9316-6D47C787B522}.Release|Any CPU.Build.0 = Release|Any CPU
		{8D57D210-1FB7-42CA-802C-8149310CAB8E}.Debug|Any CPU.ActiveCfg = Debug|Any CPU
		{8D57D210-1FB7-42CA-802C-8149310CAB8E}.Debug|Any CPU.Build.0 = Debug|Any CPU
		{8D57D210-1FB7-42CA-802C-8149310CAB8E}.Release|Any CPU.ActiveCfg = Release|Any CPU
		{8D57D210-1FB7-42CA-802C-8149310CAB8E}.Release|Any CPU.Build.0 = Release|Any CPU
		{7259D6DB-6119-4F52-9F5D-573DEAC29295}.Debug|Any CPU.ActiveCfg = Debug|Any CPU
		{7259D6DB-6119-4F52-9F5D-573DEAC29295}.Debug|Any CPU.Build.0 = Debug|Any CPU
		{7259D6DB-6119-4F52-9F5D-573DEAC29295}.Release|Any CPU.ActiveCfg = Release|Any CPU
		{7259D6DB-6119-4F52-9F5D-573DEAC29295}.Release|Any CPU.Build.0 = Release|Any CPU
		{71940A7C-652E-49A6-8E96-40189CCD72E9}.Debug|Any CPU.ActiveCfg = Debug|Any CPU
		{71940A7C-652E-49A6-8E96-40189CCD72E9}.Debug|Any CPU.Build.0 = Debug|Any CPU
		{71940A7C-652E-49A6-8E96-40189CCD72E9}.Release|Any CPU.ActiveCfg = Release|Any CPU
		{71940A7C-652E-49A6-8E96-40189CCD72E9}.Release|Any CPU.Build.0 = Release|Any CPU
		{A5A13682-3459-43A5-A7EF-3D0F8143BBF6}.Debug|Any CPU.ActiveCfg = Debug|Any CPU
		{A5A13682-3459-43A5-A7EF-3D0F8143BBF6}.Debug|Any CPU.Build.0 = Debug|Any CPU
		{A5A13682-3459-43A5-A7EF-3D0F8143BBF6}.Release|Any CPU.ActiveCfg = Release|Any CPU
		{A5A13682-3459-43A5-A7EF-3D0F8143BBF6}.Release|Any CPU.Build.0 = Release|Any CPU
		{983778F9-6614-4096-A3A0-9579E5D6B18C}.Debug|Any CPU.ActiveCfg = Debug|Any CPU
		{983778F9-6614-4096-A3A0-9579E5D6B18C}.Debug|Any CPU.Build.0 = Debug|Any CPU
		{983778F9-6614-4096-A3A0-9579E5D6B18C}.Release|Any CPU.ActiveCfg = Release|Any CPU
		{983778F9-6614-4096-A3A0-9579E5D6B18C}.Release|Any CPU.Build.0 = Release|Any CPU
		{15CA9F87-0282-418D-81B9-3E1A9C9DEED7}.Debug|Any CPU.ActiveCfg = Debug|Any CPU
		{15CA9F87-0282-418D-81B9-3E1A9C9DEED7}.Debug|Any CPU.Build.0 = Debug|Any CPU
		{15CA9F87-0282-418D-81B9-3E1A9C9DEED7}.Release|Any CPU.ActiveCfg = Release|Any CPU
		{15CA9F87-0282-418D-81B9-3E1A9C9DEED7}.Release|Any CPU.Build.0 = Release|Any CPU
	EndGlobalSection
	GlobalSection(SolutionProperties) = preSolution
		HideSolutionNode = FALSE
	EndGlobalSection
	GlobalSection(ExtensibilityGlobals) = postSolution
		SolutionGuid = {9FDED8B1-9DE7-41D5-8F6B-D03388EB8F2E}
	EndGlobalSection
EndGlobal
